Microsoft Visual Studio Solution File, Format Version 12.00
# Visual Studio Version 17
VisualStudioVersion = 17.5.2.0
MinimumVisualStudioVersion = 10.0.40219.1
Project("{2150E333-8FDC-42A3-9474-1A3956D46DE8}") = "tests-selenium", "tests-selenium", "{73D1F111-1EE0-6FB6-B8AC-6DC3F27D4CBD}"
EndProject
Project("{FAE04EC0-301F-11D3-BF4B-00C04F79EFBC}") = "UiTests", "tests-selenium\UiTests\UiTests.csproj", "{F57E2109-AC28-9B63-CA49-2E779277B1B8}"
EndProject
Global
	GlobalSection(SolutionConfigurationPlatforms) = preSolution
		Debug|Any CPU = Debug|Any CPU
		Release|Any CPU = Release|Any CPU
	EndGlobalSection
	GlobalSection(ProjectConfigurationPlatforms) = postSolution
		{F57E2109-AC28-9B63-CA49-2E779277B1B8}.Debug|Any CPU.ActiveCfg = Debug|Any CPU
		{F57E2109-AC28-9B63-CA49-2E779277B1B8}.Debug|Any CPU.Build.0 = Debug|Any CPU
		{F57E2109-AC28-9B63-CA49-2E779277B1B8}.Release|Any CPU.ActiveCfg = Release|Any CPU
		{F57E2109-AC28-9B63-CA49-2E779277B1B8}.Release|Any CPU.Build.0 = Release|Any CPU
	EndGlobalSection
	GlobalSection(SolutionProperties) = preSolution
		HideSolutionNode = FALSE
	EndGlobalSection
	GlobalSection(NestedProjects) = preSolution
		{F57E2109-AC28-9B63-CA49-2E779277B1B8} = {73D1F111-1EE0-6FB6-B8AC-6DC3F27D4CBD}
	EndGlobalSection
	GlobalSection(ExtensibilityGlobals) = postSolution
		SolutionGuid = {D6CEEAD2-A72E-4C5E-9480-F6D3FD96D37A}
	EndGlobalSection
EndGlobal
